
Microsoft Visual Studio Solution File, Format Version 12.00
# Visual Studio Version 16
VisualStudioVersion = 16.0.31729.503
MinimumVisualStudioVersion = 10.0.40219.1
Project("{9A19103F-16F7-4668-BE54-9A1E7A4F7556}") = "DataExplorerApi", "DataExplorerApi.csproj", "{42FC8A28-E2D5-4A16-8043-615D22FE292E}"
EndProject
Global
	GlobalSection(SolutionConfigurationPlatforms) = preSolution
		Debug|Any CPU = Debug|Any CPU
		Release|Any CPU = Release|Any CPU
	EndGlobalSection
	GlobalSection(ProjectConfigurationPlatforms) = postSolution
		{42FC8A28-E2D5-4A16-8043-615D22FE292E}.Debug|Any CPU.ActiveCfg = Debug|Any CPU
		{42FC8A28-E2D5-4A16-8043-615D22FE292E}.Debug|Any CPU.Build.0 = Debug|Any CPU
		{42FC8A28-E2D5-4A16-8043-615D22FE292E}.Release|Any CPU.ActiveCfg = Release|Any CPU
		{42FC8A28-E2D5-4A16-8043-615D22FE292E}.Release|Any CPU.Build.0 = Release|Any CPU
	EndGlobalSection
	GlobalSection(SolutionProperties) = preSolution
		HideSolutionNode = FALSE
	EndGlobalSection
	GlobalSection(ExtensibilityGlobals) = postSolution
		SolutionGuid = {E81FF584-5B95-43DA-88F8-943C5FBE07F3}
	EndGlobalSection
EndGlobal
